// !$*UTF8*$!
{
	archiveVersion = 1;
	classes = {
	};
	objectVersion = 50;
	objects = {

/* Begin PBXBuildFile section */
		606C3B7E23FE4EC800AFC451 /* ModalTabBarController.swift in Sources */ = {isa = PBXBuildFile; fileRef = 606C3B7D23FE4EC700AFC451 /* ModalTabBarController.swift */; };
		606C3B8023FE5DF700AFC451 /* HistoryViewModel.swift in Sources */ = {isa = PBXBuildFile; fileRef = 606C3B7F23FE5DF700AFC451 /* HistoryViewModel.swift */; };
		606C3B8223FE626800AFC451 /* GetHistoryDataGatewayAction.swift in Sources */ = {isa = PBXBuildFile; fileRef = 606C3B8123FE626800AFC451 /* GetHistoryDataGatewayAction.swift */; };
		606C3B8623FEBF6800AFC451 /* NormalTableViewCell.swift in Sources */ = {isa = PBXBuildFile; fileRef = 606C3B8423FEBF6800AFC451 /* NormalTableViewCell.swift */; };
		606C3B8723FEBF6800AFC451 /* NormalTableViewCell.xib in Resources */ = {isa = PBXBuildFile; fileRef = 606C3B8523FEBF6800AFC451 /* NormalTableViewCell.xib */; };
		606C3B8923FEC06100AFC451 /* Word.swift in Sources */ = {isa = PBXBuildFile; fileRef = 606C3B8823FEC06100AFC451 /* Word.swift */; };
		60ECB7A123FFB2CC00D605D6 /* History.swift in Sources */ = {isa = PBXBuildFile; fileRef = 60ECB7A023FFB2CC00D605D6 /* History.swift */; };
		60ECB7A424004DC800D605D6 /* RefineViewController.swift in Sources */ = {isa = PBXBuildFile; fileRef = 60ECB7A224004DC800D605D6 /* RefineViewController.swift */; };
		60ECB7A524004DC800D605D6 /* RefineViewController.xib in Resources */ = {isa = PBXBuildFile; fileRef = 60ECB7A324004DC800D605D6 /* RefineViewController.xib */; };
		60ECB7A72400591700D605D6 /* RefineViewModel.swift in Sources */ = {isa = PBXBuildFile; fileRef = 60ECB7A62400591700D605D6 /* RefineViewModel.swift */; };
		60ECB7AA2400C06600D605D6 /* HistoryViewControllerState.swift in Sources */ = {isa = PBXBuildFile; fileRef = 60ECB7A92400C06600D605D6 /* HistoryViewControllerState.swift */; };
		CA06A3D923F9137D00999BAD /* DataGateway.swift in Sources */ = {isa = PBXBuildFile; fileRef = CA06A3D823F9137D00999BAD /* DataGateway.swift */; };
		CA06A3DB23F9140500999BAD /* DataGatewayAction.swift in Sources */ = {isa = PBXBuildFile; fileRef = CA06A3DA23F9140500999BAD /* DataGatewayAction.swift */; };
		CA06A3DE23F9153200999BAD /* AddWordDataGatewayAction.swift in Sources */ = {isa = PBXBuildFile; fileRef = CA06A3DD23F9153200999BAD /* AddWordDataGatewayAction.swift */; };
		CA471A6523F97FAD000D438D /* SVProgressHUD+Extensions.swift in Sources */ = {isa = PBXBuildFile; fileRef = CA471A6423F97FAD000D438D /* SVProgressHUD+Extensions.swift */; };
		CA4FB4232400251200159632 /* MyPageViewController.xib in Resources */ = {isa = PBXBuildFile; fileRef = CA4FB4212400251200159632 /* MyPageViewController.xib */; };
		CA4FB4252400259F00159632 /* MyPageViewController.swift in Sources */ = {isa = PBXBuildFile; fileRef = CA4FB4242400259F00159632 /* MyPageViewController.swift */; };
		CA4FB427240025E100159632 /* MyPageViewModel.swift in Sources */ = {isa = PBXBuildFile; fileRef = CA4FB426240025E100159632 /* MyPageViewModel.swift */; };
		CA71FBD123F928FD00E9DE66 /* Action.framework in Frameworks */ = {isa = PBXBuildFile; fileRef = CA71FBD023F928FD00E9DE66 /* Action.framework */; };
		CA71FBD223F928FD00E9DE66 /* Action.framework in Embed Frameworks */ = {isa = PBXBuildFile; fileRef = CA71FBD023F928FD00E9DE66 /* Action.framework */; settings = {ATTRIBUTES = (CodeSignOnCopy, RemoveHeadersOnCopy, ); }; };
		CA71FBD423F978D900E9DE66 /* UIAlertController+Extensions.swift in Sources */ = {isa = PBXBuildFile; fileRef = CA71FBD323F978D900E9DE66 /* UIAlertController+Extensions.swift */; };
		CAD4E94923FBFD890069B475 /* DataGatewayActionTests.swift in Sources */ = {isa = PBXBuildFile; fileRef = CAD4E94823FBFD890069B475 /* DataGatewayActionTests.swift */; };
		CAD4E94E23FBFECA0069B475 /* RxCocoa.framework in Frameworks */ = {isa = PBXBuildFile; fileRef = CAFE98FD23F795A400F19152 /* RxCocoa.framework */; };
		CAD4E94F23FBFECA0069B475 /* RxSwift.framework in Frameworks */ = {isa = PBXBuildFile; fileRef = CAFE98FE23F795A400F19152 /* RxSwift.framework */; };
		CAD4E95323FBFECA0069B475 /* RxTest.framework in Frameworks */ = {isa = PBXBuildFile; fileRef = CAD4E95023FBFECA0069B475 /* RxTest.framework */; };
		CAD4E95523FBFECA0069B475 /* RxBlocking.framework in Frameworks */ = {isa = PBXBuildFile; fileRef = CAD4E95223FBFECA0069B475 /* RxBlocking.framework */; };
		CAD4E95823FC01F80069B475 /* LoginDataGatewayAction.swift in Sources */ = {isa = PBXBuildFile; fileRef = CAD4E95723FC01F80069B475 /* LoginDataGatewayAction.swift */; };
		CADAB2CF23FC0C6E00B3BC3A /* KeychainAccess.framework in Frameworks */ = {isa = PBXBuildFile; fileRef = CADAB2CE23FC0C6E00B3BC3A /* KeychainAccess.framework */; };
		CADAB2D023FC0C6E00B3BC3A /* KeychainAccess.framework in Embed Frameworks */ = {isa = PBXBuildFile; fileRef = CADAB2CE23FC0C6E00B3BC3A /* KeychainAccess.framework */; settings = {ATTRIBUTES = (CodeSignOnCopy, RemoveHeadersOnCopy, ); }; };
		CADAB2D423FC2A8300B3BC3A /* SignUpDatagatewayAction.swift in Sources */ = {isa = PBXBuildFile; fileRef = CADAB2D323FC2A8300B3BC3A /* SignUpDatagatewayAction.swift */; };
		CADAB2D723FC2B8600B3BC3A /* User.swift in Sources */ = {isa = PBXBuildFile; fileRef = CADAB2D623FC2B8600B3BC3A /* User.swift */; };
		CADAB2DB23FC40E900B3BC3A /* APIClient.swift in Sources */ = {isa = PBXBuildFile; fileRef = CADAB2DA23FC40E900B3BC3A /* APIClient.swift */; };
		CADAB2DD23FD088100B3BC3A /* Auth.swift in Sources */ = {isa = PBXBuildFile; fileRef = CADAB2DC23FD088100B3BC3A /* Auth.swift */; };
		CADAB2DF23FD0A8700B3BC3A /* ReiwashiError.swift in Sources */ = {isa = PBXBuildFile; fileRef = CADAB2DE23FD0A8700B3BC3A /* ReiwashiError.swift */; };
		CADAB2E123FD117B00B3BC3A /* GetUserInfoDatagatewayAction.swift in Sources */ = {isa = PBXBuildFile; fileRef = CADAB2E023FD117B00B3BC3A /* GetUserInfoDatagatewayAction.swift */; };
		CADAB2E323FD15FB00B3BC3A /* ChangeUserInfoDataGatewayAction.swift in Sources */ = {isa = PBXBuildFile; fileRef = CADAB2E223FD15FB00B3BC3A /* ChangeUserInfoDataGatewayAction.swift */; };
		CADAB2E523FD1A0400B3BC3A /* DeleteUserDatagatewayAction.swift in Sources */ = {isa = PBXBuildFile; fileRef = CADAB2E423FD1A0400B3BC3A /* DeleteUserDatagatewayAction.swift */; };
		CADAB2E723FD1B0B00B3BC3A /* LogoutDatagatewayAction.swift in Sources */ = {isa = PBXBuildFile; fileRef = CADAB2E623FD1B0B00B3BC3A /* LogoutDatagatewayAction.swift */; };
		CADAB2E923FD1C9B00B3BC3A /* AddFabDatagatewayAction.swift in Sources */ = {isa = PBXBuildFile; fileRef = CADAB2E823FD1C9B00B3BC3A /* AddFabDatagatewayAction.swift */; };
		CADAB2EB23FD306100B3BC3A /* DeleteFabDatagatewayAction.swift in Sources */ = {isa = PBXBuildFile; fileRef = CADAB2EA23FD306100B3BC3A /* DeleteFabDatagatewayAction.swift */; };
		CADAB2ED23FD32C700B3BC3A /* GetFabListDatagatewayAction.swift in Sources */ = {isa = PBXBuildFile; fileRef = CADAB2EC23FD32C700B3BC3A /* GetFabListDatagatewayAction.swift */; };
		CADAB2EF23FD363000B3BC3A /* GetFabDatagatewayAction.swift in Sources */ = {isa = PBXBuildFile; fileRef = CADAB2EE23FD363000B3BC3A /* GetFabDatagatewayAction.swift */; };
		CADAB2F123FD36F400B3BC3A /* Fab.swift in Sources */ = {isa = PBXBuildFile; fileRef = CADAB2F023FD36F400B3BC3A /* Fab.swift */; };
		CADAB2F623FD3A2200B3BC3A /* WelcomeViewController.swift in Sources */ = {isa = PBXBuildFile; fileRef = CADAB2F423FD3A2200B3BC3A /* WelcomeViewController.swift */; };
		CADAB2F723FD3A2200B3BC3A /* WelcomeViewController.xib in Resources */ = {isa = PBXBuildFile; fileRef = CADAB2F523FD3A2200B3BC3A /* WelcomeViewController.xib */; };
		CADAB30D23FD41D100B3BC3A /* LoginViewController.swift in Sources */ = {isa = PBXBuildFile; fileRef = CADAB30B23FD41D100B3BC3A /* LoginViewController.swift */; };
		CADAB30E23FD41D100B3BC3A /* LoginViewController.xib in Resources */ = {isa = PBXBuildFile; fileRef = CADAB30C23FD41D100B3BC3A /* LoginViewController.xib */; };
		CADAB31323FD421B00B3BC3A /* SignInViewController.swift in Sources */ = {isa = PBXBuildFile; fileRef = CADAB31123FD421B00B3BC3A /* SignInViewController.swift */; };
		CADAB31423FD421B00B3BC3A /* SignInViewController.xib in Resources */ = {isa = PBXBuildFile; fileRef = CADAB31223FD421B00B3BC3A /* SignInViewController.xib */; };
		CADAB31623FD42A500B3BC3A /* LoginViewModel.swift in Sources */ = {isa = PBXBuildFile; fileRef = CADAB31523FD42A500B3BC3A /* LoginViewModel.swift */; };
		CADAB31A23FE72A000B3BC3A /* ModalTabBarController.swift in Sources */ = {isa = PBXBuildFile; fileRef = CADAB31923FE72A000B3BC3A /* ModalTabBarController.swift */; };
		CADAB31C23FE73A800B3BC3A /* SignInViewModel.swift in Sources */ = {isa = PBXBuildFile; fileRef = CADAB31B23FE73A700B3BC3A /* SignInViewModel.swift */; };
		CADB139723FBF0B5002B453A /* RxAlamofire.framework in Frameworks */ = {isa = PBXBuildFile; fileRef = CADB139623FBF0B5002B453A /* RxAlamofire.framework */; };
		CADB139823FBF0B5002B453A /* RxAlamofire.framework in Embed Frameworks */ = {isa = PBXBuildFile; fileRef = CADB139623FBF0B5002B453A /* RxAlamofire.framework */; settings = {ATTRIBUTES = (CodeSignOnCopy, RemoveHeadersOnCopy, ); }; };
		CADB139A23FBF156002B453A /* Alamofire.framework in Frameworks */ = {isa = PBXBuildFile; fileRef = CADB139923FBF156002B453A /* Alamofire.framework */; };
		CADB139B23FBF156002B453A /* Alamofire.framework in Embed Frameworks */ = {isa = PBXBuildFile; fileRef = CADB139923FBF156002B453A /* Alamofire.framework */; settings = {ATTRIBUTES = (CodeSignOnCopy, RemoveHeadersOnCopy, ); }; };
		CAFE98CD23F78DC400F19152 /* AppDelegate.swift in Sources */ = {isa = PBXBuildFile; fileRef = CAFE98CC23F78DC400F19152 /* AppDelegate.swift */; };
		CAFE98CF23F78DC400F19152 /* SceneDelegate.swift in Sources */ = {isa = PBXBuildFile; fileRef = CAFE98CE23F78DC400F19152 /* SceneDelegate.swift */; };
		CAFE98D623F78DC700F19152 /* Assets.xcassets in Resources */ = {isa = PBXBuildFile; fileRef = CAFE98D523F78DC700F19152 /* Assets.xcassets */; };
		CAFE98D923F78DC700F19152 /* LaunchScreen.storyboard in Resources */ = {isa = PBXBuildFile; fileRef = CAFE98D723F78DC700F19152 /* LaunchScreen.storyboard */; };
		CAFE98E423F78DC700F19152 /* ReiwashiTests.swift in Sources */ = {isa = PBXBuildFile; fileRef = CAFE98E323F78DC700F19152 /* ReiwashiTests.swift */; };
		CAFE98EF23F78DC700F19152 /* ReiwashiUITests.swift in Sources */ = {isa = PBXBuildFile; fileRef = CAFE98EE23F78DC700F19152 /* ReiwashiUITests.swift */; };
		CAFE98FF23F795A400F19152 /* RxCocoa.framework in Frameworks */ = {isa = PBXBuildFile; fileRef = CAFE98FD23F795A400F19152 /* RxCocoa.framework */; };
		CAFE990023F795A400F19152 /* RxCocoa.framework in Embed Frameworks */ = {isa = PBXBuildFile; fileRef = CAFE98FD23F795A400F19152 /* RxCocoa.framework */; settings = {ATTRIBUTES = (CodeSignOnCopy, RemoveHeadersOnCopy, ); }; };
		CAFE990123F795A400F19152 /* RxSwift.framework in Frameworks */ = {isa = PBXBuildFile; fileRef = CAFE98FE23F795A400F19152 /* RxSwift.framework */; };
		CAFE990223F795A400F19152 /* RxSwift.framework in Embed Frameworks */ = {isa = PBXBuildFile; fileRef = CAFE98FE23F795A400F19152 /* RxSwift.framework */; settings = {ATTRIBUTES = (CodeSignOnCopy, RemoveHeadersOnCopy, ); }; };
		CAFE994323F8CE8900F19152 /* HistoryViewController.swift in Sources */ = {isa = PBXBuildFile; fileRef = CAFE994123F8CE8900F19152 /* HistoryViewController.swift */; };
		CAFE994423F8CE8900F19152 /* HistoryViewController.xib in Resources */ = {isa = PBXBuildFile; fileRef = CAFE994223F8CE8900F19152 /* HistoryViewController.xib */; };
		CAFE994623F8D2C100F19152 /* RxRelay.framework in Frameworks */ = {isa = PBXBuildFile; fileRef = CAFE994523F8D2C100F19152 /* RxRelay.framework */; };
		CAFE994723F8D2C100F19152 /* RxRelay.framework in Embed Frameworks */ = {isa = PBXBuildFile; fileRef = CAFE994523F8D2C100F19152 /* RxRelay.framework */; settings = {ATTRIBUTES = (CodeSignOnCopy, RemoveHeadersOnCopy, ); }; };
		CAFE994E23F909A400F19152 /* AddHistoryViewController.swift in Sources */ = {isa = PBXBuildFile; fileRef = CAFE994C23F909A400F19152 /* AddHistoryViewController.swift */; };
		CAFE994F23F909A400F19152 /* AddHistoryViewController.xib in Resources */ = {isa = PBXBuildFile; fileRef = CAFE994D23F909A400F19152 /* AddHistoryViewController.xib */; };
		CAFE995323F90A3200F19152 /* AddHistoryViewModel.swift in Sources */ = {isa = PBXBuildFile; fileRef = CAFE995223F90A3200F19152 /* AddHistoryViewModel.swift */; };
/* End PBXBuildFile section */

/* Begin PBXContainerItemProxy section */
		CAFE98E023F78DC700F19152 /* PBXContainerItemProxy */ = {
			isa = PBXContainerItemProxy;
			containerPortal = CAFE98C123F78DC400F19152 /* Project object */;
			proxyType = 1;
			remoteGlobalIDString = CAFE98C823F78DC400F19152;
			remoteInfo = Reiwashi;
		};
		CAFE98EB23F78DC700F19152 /* PBXContainerItemProxy */ = {
			isa = PBXContainerItemProxy;
			containerPortal = CAFE98C123F78DC400F19152 /* Project object */;
			proxyType = 1;
			remoteGlobalIDString = CAFE98C823F78DC400F19152;
			remoteInfo = Reiwashi;
		};
/* End PBXContainerItemProxy section */

/* Begin PBXCopyFilesBuildPhase section */
		CAFE990323F795A400F19152 /* Embed Frameworks */ = {
			isa = PBXCopyFilesBuildPhase;
			buildActionMask = 2147483647;
			dstPath = "";
			dstSubfolderSpec = 10;
			files = (
				CAFE990223F795A400F19152 /* RxSwift.framework in Embed Frameworks */,
				CADB139B23FBF156002B453A /* Alamofire.framework in Embed Frameworks */,
				CADB139823FBF0B5002B453A /* RxAlamofire.framework in Embed Frameworks */,
				CADAB2D023FC0C6E00B3BC3A /* KeychainAccess.framework in Embed Frameworks */,
				CAFE990023F795A400F19152 /* RxCocoa.framework in Embed Frameworks */,
				CA71FBD223F928FD00E9DE66 /* Action.framework in Embed Frameworks */,
				CAFE994723F8D2C100F19152 /* RxRelay.framework in Embed Frameworks */,
			);
			name = "Embed Frameworks";
			runOnlyForDeploymentPostprocessing = 0;
		};
/* End PBXCopyFilesBuildPhase section */

/* Begin PBXFileReference section */
		606C3B7D23FE4EC700AFC451 /* ModalTabBarController.swift */ = {isa = PBXFileReference; fileEncoding = 4; lastKnownFileType = sourcecode.swift; path = ModalTabBarController.swift; sourceTree = "<group>"; };
		606C3B7F23FE5DF700AFC451 /* HistoryViewModel.swift */ = {isa = PBXFileReference; lastKnownFileType = sourcecode.swift; path = HistoryViewModel.swift; sourceTree = "<group>"; };
		606C3B8123FE626800AFC451 /* GetHistoryDataGatewayAction.swift */ = {isa = PBXFileReference; lastKnownFileType = sourcecode.swift; path = GetHistoryDataGatewayAction.swift; sourceTree = "<group>"; };
		606C3B8423FEBF6800AFC451 /* NormalTableViewCell.swift */ = {isa = PBXFileReference; lastKnownFileType = sourcecode.swift; path = NormalTableViewCell.swift; sourceTree = "<group>"; };
		606C3B8523FEBF6800AFC451 /* NormalTableViewCell.xib */ = {isa = PBXFileReference; lastKnownFileType = file.xib; path = NormalTableViewCell.xib; sourceTree = "<group>"; };
		606C3B8823FEC06100AFC451 /* Word.swift */ = {isa = PBXFileReference; lastKnownFileType = sourcecode.swift; path = Word.swift; sourceTree = "<group>"; };
		60ECB7A023FFB2CC00D605D6 /* History.swift */ = {isa = PBXFileReference; lastKnownFileType = sourcecode.swift; path = History.swift; sourceTree = "<group>"; };
		60ECB7A224004DC800D605D6 /* RefineViewController.swift */ = {isa = PBXFileReference; lastKnownFileType = sourcecode.swift; path = RefineViewController.swift; sourceTree = "<group>"; };
		60ECB7A324004DC800D605D6 /* RefineViewController.xib */ = {isa = PBXFileReference; lastKnownFileType = file.xib; path = RefineViewController.xib; sourceTree = "<group>"; };
		60ECB7A62400591700D605D6 /* RefineViewModel.swift */ = {isa = PBXFileReference; lastKnownFileType = sourcecode.swift; path = RefineViewModel.swift; sourceTree = "<group>"; };
		60ECB7A92400C06600D605D6 /* HistoryViewControllerState.swift */ = {isa = PBXFileReference; lastKnownFileType = sourcecode.swift; path = HistoryViewControllerState.swift; sourceTree = "<group>"; };
		CA06A3D823F9137D00999BAD /* DataGateway.swift */ = {isa = PBXFileReference; lastKnownFileType = sourcecode.swift; path = DataGateway.swift; sourceTree = "<group>"; };
		CA06A3DA23F9140500999BAD /* DataGatewayAction.swift */ = {isa = PBXFileReference; lastKnownFileType = sourcecode.swift; path = DataGatewayAction.swift; sourceTree = "<group>"; };
		CA06A3DD23F9153200999BAD /* AddWordDataGatewayAction.swift */ = {isa = PBXFileReference; lastKnownFileType = sourcecode.swift; path = AddWordDataGatewayAction.swift; sourceTree = "<group>"; };
		CA471A6423F97FAD000D438D /* SVProgressHUD+Extensions.swift */ = {isa = PBXFileReference; lastKnownFileType = sourcecode.swift; path = "SVProgressHUD+Extensions.swift"; sourceTree = "<group>"; };
		CA4FB4212400251200159632 /* MyPageViewController.xib */ = {isa = PBXFileReference; lastKnownFileType = file.xib; path = MyPageViewController.xib; sourceTree = "<group>"; };
		CA4FB4242400259F00159632 /* MyPageViewController.swift */ = {isa = PBXFileReference; lastKnownFileType = sourcecode.swift; path = MyPageViewController.swift; sourceTree = "<group>"; };
		CA4FB426240025E100159632 /* MyPageViewModel.swift */ = {isa = PBXFileReference; lastKnownFileType = sourcecode.swift; path = MyPageViewModel.swift; sourceTree = "<group>"; };
		CA71FBD023F928FD00E9DE66 /* Action.framework */ = {isa = PBXFileReference; lastKnownFileType = wrapper.framework; name = Action.framework; path = Carthage/Build/iOS/Action.framework; sourceTree = "<group>"; };
		CA71FBD323F978D900E9DE66 /* UIAlertController+Extensions.swift */ = {isa = PBXFileReference; lastKnownFileType = sourcecode.swift; path = "UIAlertController+Extensions.swift"; sourceTree = "<group>"; };
		CAD4E94823FBFD890069B475 /* DataGatewayActionTests.swift */ = {isa = PBXFileReference; lastKnownFileType = sourcecode.swift; path = DataGatewayActionTests.swift; sourceTree = "<group>"; };
		CAD4E95023FBFECA0069B475 /* RxTest.framework */ = {isa = PBXFileReference; lastKnownFileType = wrapper.framework; name = RxTest.framework; path = Carthage/Build/iOS/RxTest.framework; sourceTree = "<group>"; };
		CAD4E95123FBFECA0069B475 /* SVProgressHUD.framework */ = {isa = PBXFileReference; lastKnownFileType = wrapper.framework; name = SVProgressHUD.framework; path = Carthage/Build/iOS/SVProgressHUD.framework; sourceTree = "<group>"; };
		CAD4E95223FBFECA0069B475 /* RxBlocking.framework */ = {isa = PBXFileReference; lastKnownFileType = wrapper.framework; name = RxBlocking.framework; path = Carthage/Build/iOS/RxBlocking.framework; sourceTree = "<group>"; };
		CAD4E95723FC01F80069B475 /* LoginDataGatewayAction.swift */ = {isa = PBXFileReference; lastKnownFileType = sourcecode.swift; path = LoginDataGatewayAction.swift; sourceTree = "<group>"; };
		CADAB2CE23FC0C6E00B3BC3A /* KeychainAccess.framework */ = {isa = PBXFileReference; lastKnownFileType = wrapper.framework; name = KeychainAccess.framework; path = Carthage/Build/iOS/KeychainAccess.framework; sourceTree = "<group>"; };
		CADAB2D323FC2A8300B3BC3A /* SignUpDatagatewayAction.swift */ = {isa = PBXFileReference; lastKnownFileType = sourcecode.swift; path = SignUpDatagatewayAction.swift; sourceTree = "<group>"; };
		CADAB2D623FC2B8600B3BC3A /* User.swift */ = {isa = PBXFileReference; lastKnownFileType = sourcecode.swift; path = User.swift; sourceTree = "<group>"; };
		CADAB2DA23FC40E900B3BC3A /* APIClient.swift */ = {isa = PBXFileReference; lastKnownFileType = sourcecode.swift; path = APIClient.swift; sourceTree = "<group>"; };
		CADAB2DC23FD088100B3BC3A /* Auth.swift */ = {isa = PBXFileReference; lastKnownFileType = sourcecode.swift; path = Auth.swift; sourceTree = "<group>"; };
		CADAB2DE23FD0A8700B3BC3A /* ReiwashiError.swift */ = {isa = PBXFileReference; lastKnownFileType = sourcecode.swift; path = ReiwashiError.swift; sourceTree = "<group>"; };
		CADAB2E023FD117B00B3BC3A /* GetUserInfoDatagatewayAction.swift */ = {isa = PBXFileReference; lastKnownFileType = sourcecode.swift; path = GetUserInfoDatagatewayAction.swift; sourceTree = "<group>"; };
		CADAB2E223FD15FB00B3BC3A /* ChangeUserInfoDataGatewayAction.swift */ = {isa = PBXFileReference; lastKnownFileType = sourcecode.swift; path = ChangeUserInfoDataGatewayAction.swift; sourceTree = "<group>"; };
		CADAB2E423FD1A0400B3BC3A /* DeleteUserDatagatewayAction.swift */ = {isa = PBXFileReference; lastKnownFileType = sourcecode.swift; path = DeleteUserDatagatewayAction.swift; sourceTree = "<group>"; };
		CADAB2E623FD1B0B00B3BC3A /* LogoutDatagatewayAction.swift */ = {isa = PBXFileReference; lastKnownFileType = sourcecode.swift; path = LogoutDatagatewayAction.swift; sourceTree = "<group>"; };
		CADAB2E823FD1C9B00B3BC3A /* AddFabDatagatewayAction.swift */ = {isa = PBXFileReference; lastKnownFileType = sourcecode.swift; path = AddFabDatagatewayAction.swift; sourceTree = "<group>"; };
		CADAB2EA23FD306100B3BC3A /* DeleteFabDatagatewayAction.swift */ = {isa = PBXFileReference; lastKnownFileType = sourcecode.swift; path = DeleteFabDatagatewayAction.swift; sourceTree = "<group>"; };
		CADAB2EC23FD32C700B3BC3A /* GetFabListDatagatewayAction.swift */ = {isa = PBXFileReference; lastKnownFileType = sourcecode.swift; path = GetFabListDatagatewayAction.swift; sourceTree = "<group>"; };
		CADAB2EE23FD363000B3BC3A /* GetFabDatagatewayAction.swift */ = {isa = PBXFileReference; lastKnownFileType = sourcecode.swift; path = GetFabDatagatewayAction.swift; sourceTree = "<group>"; };
		CADAB2F023FD36F400B3BC3A /* Fab.swift */ = {isa = PBXFileReference; lastKnownFileType = sourcecode.swift; path = Fab.swift; sourceTree = "<group>"; };
		CADAB2F423FD3A2200B3BC3A /* WelcomeViewController.swift */ = {isa = PBXFileReference; lastKnownFileType = sourcecode.swift; path = WelcomeViewController.swift; sourceTree = "<group>"; };
		CADAB2F523FD3A2200B3BC3A /* WelcomeViewController.xib */ = {isa = PBXFileReference; lastKnownFileType = file.xib; path = WelcomeViewController.xib; sourceTree = "<group>"; };
		CADAB30B23FD41D100B3BC3A /* LoginViewController.swift */ = {isa = PBXFileReference; lastKnownFileType = sourcecode.swift; path = LoginViewController.swift; sourceTree = "<group>"; };
		CADAB30C23FD41D100B3BC3A /* LoginViewController.xib */ = {isa = PBXFileReference; lastKnownFileType = file.xib; path = LoginViewController.xib; sourceTree = "<group>"; };
		CADAB31123FD421B00B3BC3A /* SignInViewController.swift */ = {isa = PBXFileReference; lastKnownFileType = sourcecode.swift; path = SignInViewController.swift; sourceTree = "<group>"; };
		CADAB31223FD421B00B3BC3A /* SignInViewController.xib */ = {isa = PBXFileReference; lastKnownFileType = file.xib; path = SignInViewController.xib; sourceTree = "<group>"; };
		CADAB31523FD42A500B3BC3A /* LoginViewModel.swift */ = {isa = PBXFileReference; lastKnownFileType = sourcecode.swift; path = LoginViewModel.swift; sourceTree = "<group>"; };
		CADAB31923FE72A000B3BC3A /* ModalTabBarController.swift */ = {isa = PBXFileReference; fileEncoding = 4; lastKnownFileType = sourcecode.swift; path = ModalTabBarController.swift; sourceTree = "<group>"; };
		CADAB31B23FE73A700B3BC3A /* SignInViewModel.swift */ = {isa = PBXFileReference; lastKnownFileType = sourcecode.swift; path = SignInViewModel.swift; sourceTree = "<group>"; };
		CADB139623FBF0B5002B453A /* RxAlamofire.framework */ = {isa = PBXFileReference; lastKnownFileType = wrapper.framework; name = RxAlamofire.framework; path = Carthage/Build/iOS/RxAlamofire.framework; sourceTree = "<group>"; };
		CADB139923FBF156002B453A /* Alamofire.framework */ = {isa = PBXFileReference; lastKnownFileType = wrapper.framework; name = Alamofire.framework; path = Carthage/Build/iOS/Alamofire.framework; sourceTree = "<group>"; };
		CAFE98C923F78DC400F19152 /* Reiwashi.app */ = {isa = PBXFileReference; explicitFileType = wrapper.application; includeInIndex = 0; path = Reiwashi.app; sourceTree = BUILT_PRODUCTS_DIR; };
		CAFE98CC23F78DC400F19152 /* AppDelegate.swift */ = {isa = PBXFileReference; lastKnownFileType = sourcecode.swift; path = AppDelegate.swift; sourceTree = "<group>"; };
		CAFE98CE23F78DC400F19152 /* SceneDelegate.swift */ = {isa = PBXFileReference; lastKnownFileType = sourcecode.swift; path = SceneDelegate.swift; sourceTree = "<group>"; };
		CAFE98D523F78DC700F19152 /* Assets.xcassets */ = {isa = PBXFileReference; lastKnownFileType = folder.assetcatalog; path = Assets.xcassets; sourceTree = "<group>"; };
		CAFE98D823F78DC700F19152 /* Base */ = {isa = PBXFileReference; lastKnownFileType = file.storyboard; name = Base; path = Base.lproj/LaunchScreen.storyboard; sourceTree = "<group>"; };
		CAFE98DA23F78DC700F19152 /* Info.plist */ = {isa = PBXFileReference; lastKnownFileType = text.plist.xml; path = Info.plist; sourceTree = "<group>"; };
		CAFE98DF23F78DC700F19152 /* ReiwashiTests.xctest */ = {isa = PBXFileReference; explicitFileType = wrapper.cfbundle; includeInIndex = 0; path = ReiwashiTests.xctest; sourceTree = BUILT_PRODUCTS_DIR; };
		CAFE98E323F78DC700F19152 /* ReiwashiTests.swift */ = {isa = PBXFileReference; lastKnownFileType = sourcecode.swift; path = ReiwashiTests.swift; sourceTree = "<group>"; };
		CAFE98E523F78DC700F19152 /* Info.plist */ = {isa = PBXFileReference; lastKnownFileType = text.plist.xml; path = Info.plist; sourceTree = "<group>"; };
		CAFE98EA23F78DC700F19152 /* ReiwashiUITests.xctest */ = {isa = PBXFileReference; explicitFileType = wrapper.cfbundle; includeInIndex = 0; path = ReiwashiUITests.xctest; sourceTree = BUILT_PRODUCTS_DIR; };
		CAFE98EE23F78DC700F19152 /* ReiwashiUITests.swift */ = {isa = PBXFileReference; lastKnownFileType = sourcecode.swift; path = ReiwashiUITests.swift; sourceTree = "<group>"; };
		CAFE98F023F78DC700F19152 /* Info.plist */ = {isa = PBXFileReference; lastKnownFileType = text.plist.xml; path = Info.plist; sourceTree = "<group>"; };
		CAFE98FD23F795A400F19152 /* RxCocoa.framework */ = {isa = PBXFileReference; lastKnownFileType = wrapper.framework; name = RxCocoa.framework; path = Carthage/Build/iOS/RxCocoa.framework; sourceTree = "<group>"; };
		CAFE98FE23F795A400F19152 /* RxSwift.framework */ = {isa = PBXFileReference; lastKnownFileType = wrapper.framework; name = RxSwift.framework; path = Carthage/Build/iOS/RxSwift.framework; sourceTree = "<group>"; };
		CAFE994123F8CE8900F19152 /* HistoryViewController.swift */ = {isa = PBXFileReference; lastKnownFileType = sourcecode.swift; path = HistoryViewController.swift; sourceTree = "<group>"; };
		CAFE994223F8CE8900F19152 /* HistoryViewController.xib */ = {isa = PBXFileReference; lastKnownFileType = file.xib; path = HistoryViewController.xib; sourceTree = "<group>"; };
		CAFE994523F8D2C100F19152 /* RxRelay.framework */ = {isa = PBXFileReference; lastKnownFileType = wrapper.framework; name = RxRelay.framework; path = Carthage/Build/iOS/RxRelay.framework; sourceTree = "<group>"; };
		CAFE994C23F909A400F19152 /* AddHistoryViewController.swift */ = {isa = PBXFileReference; lastKnownFileType = sourcecode.swift; path = AddHistoryViewController.swift; sourceTree = "<group>"; };
		CAFE994D23F909A400F19152 /* AddHistoryViewController.xib */ = {isa = PBXFileReference; lastKnownFileType = file.xib; path = AddHistoryViewController.xib; sourceTree = "<group>"; };
		CAFE995223F90A3200F19152 /* AddHistoryViewModel.swift */ = {isa = PBXFileReference; lastKnownFileType = sourcecode.swift; path = AddHistoryViewModel.swift; sourceTree = "<group>"; };
/* End PBXFileReference section */

/* Begin PBXFrameworksBuildPhase section */
		CAFE98C623F78DC400F19152 /* Frameworks */ = {
			isa = PBXFrameworksBuildPhase;
			buildActionMask = 2147483647;
			files = (
				CAFE990123F795A400F19152 /* RxSwift.framework in Frameworks */,
				CADB139A23FBF156002B453A /* Alamofire.framework in Frameworks */,
				CADB139723FBF0B5002B453A /* RxAlamofire.framework in Frameworks */,
				CADAB2CF23FC0C6E00B3BC3A /* KeychainAccess.framework in Frameworks */,
				CAFE98FF23F795A400F19152 /* RxCocoa.framework in Frameworks */,
				CA71FBD123F928FD00E9DE66 /* Action.framework in Frameworks */,
				CAFE994623F8D2C100F19152 /* RxRelay.framework in Frameworks */,
			);
			runOnlyForDeploymentPostprocessing = 0;
		};
		CAFE98DC23F78DC700F19152 /* Frameworks */ = {
			isa = PBXFrameworksBuildPhase;
			buildActionMask = 2147483647;
			files = (
				CAD4E95323FBFECA0069B475 /* RxTest.framework in Frameworks */,
				CAD4E95523FBFECA0069B475 /* RxBlocking.framework in Frameworks */,
				CAD4E94E23FBFECA0069B475 /* RxCocoa.framework in Frameworks */,
				CAD4E94F23FBFECA0069B475 /* RxSwift.framework in Frameworks */,
			);
			runOnlyForDeploymentPostprocessing = 0;
		};
		CAFE98E723F78DC700F19152 /* Frameworks */ = {
			isa = PBXFrameworksBuildPhase;
			buildActionMask = 2147483647;
			files = (
			);
			runOnlyForDeploymentPostprocessing = 0;
		};
/* End PBXFrameworksBuildPhase section */

/* Begin PBXGroup section */
		606C3B7C23FE4EC700AFC451 /* ModalTabBarController */ = {
			isa = PBXGroup;
			children = (
				606C3B7D23FE4EC700AFC451 /* ModalTabBarController.swift */,
			);
			path = ModalTabBarController;
			sourceTree = "<group>";
		};
		606C3B8323FEBF4500AFC451 /* View */ = {
			isa = PBXGroup;
			children = (
				606C3B8423FEBF6800AFC451 /* NormalTableViewCell.swift */,
				606C3B8523FEBF6800AFC451 /* NormalTableViewCell.xib */,
			);
			path = View;
			sourceTree = "<group>";
		};
		60ECB7A82400C04700D605D6 /* State */ = {
			isa = PBXGroup;
			children = (
				60ECB7A92400C06600D605D6 /* HistoryViewControllerState.swift */,
			);
			path = State;
			sourceTree = "<group>";
		};
		CA06A3D723F9135F00999BAD /* DataGateway */ = {
			isa = PBXGroup;
			children = (
				CA06A3D823F9137D00999BAD /* DataGateway.swift */,
				CA06A3DC23F9150C00999BAD /* DataGatewayAction */,
			);
			path = DataGateway;
			sourceTree = "<group>";
		};
		CA06A3DC23F9150C00999BAD /* DataGatewayAction */ = {
			isa = PBXGroup;
			children = (
				CA06A3DA23F9140500999BAD /* DataGatewayAction.swift */,
				CA06A3DD23F9153200999BAD /* AddWordDataGatewayAction.swift */,
				CAD4E95723FC01F80069B475 /* LoginDataGatewayAction.swift */,
				CADAB2D323FC2A8300B3BC3A /* SignUpDatagatewayAction.swift */,
				CADAB2E623FD1B0B00B3BC3A /* LogoutDatagatewayAction.swift */,
				CADAB2E023FD117B00B3BC3A /* GetUserInfoDatagatewayAction.swift */,
				CADAB2E223FD15FB00B3BC3A /* ChangeUserInfoDataGatewayAction.swift */,
				CADAB2E423FD1A0400B3BC3A /* DeleteUserDatagatewayAction.swift */,
				CADAB2E823FD1C9B00B3BC3A /* AddFabDatagatewayAction.swift */,
				CADAB2EA23FD306100B3BC3A /* DeleteFabDatagatewayAction.swift */,
				CADAB2EC23FD32C700B3BC3A /* GetFabListDatagatewayAction.swift */,
				CADAB2EE23FD363000B3BC3A /* GetFabDatagatewayAction.swift */,
				606C3B8123FE626800AFC451 /* GetHistoryDataGatewayAction.swift */,
			);
			path = DataGatewayAction;
			sourceTree = "<group>";
		};
		CA471A6623F981B2000D438D /* ViewControllers */ = {
			isa = PBXGroup;
			children = (
				CA4FB41F240024C700159632 /* MyPage */,
				CADAB2F323FD3A0C00B3BC3A /* Welcome */,
				CADAB2F223FD39DF00B3BC3A /* Login */,
				CADAB2FC23FD3B7700B3BC3A /* SignIn */,
				CAFE995123F909BF00F19152 /* AddHistory */,
				CAFE995023F909AC00F19152 /* History */,
			);
			path = ViewControllers;
			sourceTree = "<group>";
		};
		CA4FB41F240024C700159632 /* MyPage */ = {
			isa = PBXGroup;
			children = (
				CA4FB4242400259F00159632 /* MyPageViewController.swift */,
				CA4FB426240025E100159632 /* MyPageViewModel.swift */,
				CA4FB4212400251200159632 /* MyPageViewController.xib */,
			);
			path = MyPage;
			sourceTree = "<group>";
		};
		CA71FBD523F9799400E9DE66 /* Extensions */ = {
			isa = PBXGroup;
			children = (
				CA71FBD323F978D900E9DE66 /* UIAlertController+Extensions.swift */,
				CA471A6423F97FAD000D438D /* SVProgressHUD+Extensions.swift */,
			);
			path = Extensions;
			sourceTree = "<group>";
		};
		CADAB2D523FC2B7D00B3BC3A /* Model */ = {
			isa = PBXGroup;
			children = (
				CADAB2D623FC2B8600B3BC3A /* User.swift */,
				CADAB2F023FD36F400B3BC3A /* Fab.swift */,
				606C3B8823FEC06100AFC451 /* Word.swift */,
				60ECB7A023FFB2CC00D605D6 /* History.swift */,
			);
			path = Model;
			sourceTree = "<group>";
		};
		CADAB2F223FD39DF00B3BC3A /* Login */ = {
			isa = PBXGroup;
			children = (
				CADAB30B23FD41D100B3BC3A /* LoginViewController.swift */,
				CADAB31523FD42A500B3BC3A /* LoginViewModel.swift */,
				CADAB30C23FD41D100B3BC3A /* LoginViewController.xib */,
			);
			path = Login;
			sourceTree = "<group>";
		};
		CADAB2F323FD3A0C00B3BC3A /* Welcome */ = {
			isa = PBXGroup;
			children = (
				CADAB2F423FD3A2200B3BC3A /* WelcomeViewController.swift */,
				CADAB2F523FD3A2200B3BC3A /* WelcomeViewController.xib */,
			);
			path = Welcome;
			sourceTree = "<group>";
		};
		CADAB2FC23FD3B7700B3BC3A /* SignIn */ = {
			isa = PBXGroup;
			children = (
				CADAB31123FD421B00B3BC3A /* SignInViewController.swift */,
				CADAB31B23FE73A700B3BC3A /* SignInViewModel.swift */,
				CADAB31223FD421B00B3BC3A /* SignInViewController.xib */,
			);
			path = SignIn;
			sourceTree = "<group>";
		};
		CADAB31823FE72A000B3BC3A /* ModalTabBarController */ = {
			isa = PBXGroup;
			children = (
				CADAB31923FE72A000B3BC3A /* ModalTabBarController.swift */,
			);
			path = ModalTabBarController;
			sourceTree = "<group>";
		};
		CAFE98C023F78DC300F19152 = {
			isa = PBXGroup;
			children = (
				CAFE98CB23F78DC400F19152 /* Reiwashi */,
				CAFE98E223F78DC700F19152 /* ReiwashiTests */,
				CAFE98ED23F78DC700F19152 /* ReiwashiUITests */,
				CAFE98CA23F78DC400F19152 /* Products */,
				CAFE98FC23F795A400F19152 /* Frameworks */,
			);
			sourceTree = "<group>";
		};
		CAFE98CA23F78DC400F19152 /* Products */ = {
			isa = PBXGroup;
			children = (
				CAFE98C923F78DC400F19152 /* Reiwashi.app */,
				CAFE98DF23F78DC700F19152 /* ReiwashiTests.xctest */,
				CAFE98EA23F78DC700F19152 /* ReiwashiUITests.xctest */,
			);
			name = Products;
			sourceTree = "<group>";
		};
		CAFE98CB23F78DC400F19152 /* Reiwashi */ = {
			isa = PBXGroup;
			children = (
				60ECB7A82400C04700D605D6 /* State */,
				CADAB31823FE72A000B3BC3A /* ModalTabBarController */,
				606C3B8323FEBF4500AFC451 /* View */,
				606C3B7C23FE4EC700AFC451 /* ModalTabBarController */,
				CADAB2D523FC2B7D00B3BC3A /* Model */,
				CA06A3D723F9135F00999BAD /* DataGateway */,
				CA471A6623F981B2000D438D /* ViewControllers */,
				CA71FBD523F9799400E9DE66 /* Extensions */,
				CAFE98CC23F78DC400F19152 /* AppDelegate.swift */,
				CAFE98CE23F78DC400F19152 /* SceneDelegate.swift */,
				CAFE98D523F78DC700F19152 /* Assets.xcassets */,
				CAFE98D723F78DC700F19152 /* LaunchScreen.storyboard */,
				CAFE98DA23F78DC700F19152 /* Info.plist */,
				CADAB2DA23FC40E900B3BC3A /* APIClient.swift */,
				CADAB2DC23FD088100B3BC3A /* Auth.swift */,
				CADAB2DE23FD0A8700B3BC3A /* ReiwashiError.swift */,
			);
			path = Reiwashi;
			sourceTree = "<group>";
		};
		CAFE98E223F78DC700F19152 /* ReiwashiTests */ = {
			isa = PBXGroup;
			children = (
				CAFE98E323F78DC700F19152 /* ReiwashiTests.swift */,
				CAD4E94823FBFD890069B475 /* DataGatewayActionTests.swift */,
				CAFE98E523F78DC700F19152 /* Info.plist */,
			);
			path = ReiwashiTests;
			sourceTree = "<group>";
		};
		CAFE98ED23F78DC700F19152 /* ReiwashiUITests */ = {
			isa = PBXGroup;
			children = (
				CAFE98EE23F78DC700F19152 /* ReiwashiUITests.swift */,
				CAFE98F023F78DC700F19152 /* Info.plist */,
			);
			path = ReiwashiUITests;
			sourceTree = "<group>";
		};
		CAFE98FC23F795A400F19152 /* Frameworks */ = {
			isa = PBXGroup;
			children = (
				CADAB2CE23FC0C6E00B3BC3A /* KeychainAccess.framework */,
				CAD4E95223FBFECA0069B475 /* RxBlocking.framework */,
				CAD4E95023FBFECA0069B475 /* RxTest.framework */,
				CAD4E95123FBFECA0069B475 /* SVProgressHUD.framework */,
				CADB139923FBF156002B453A /* Alamofire.framework */,
				CADB139623FBF0B5002B453A /* RxAlamofire.framework */,
				CA71FBD023F928FD00E9DE66 /* Action.framework */,
				CAFE994523F8D2C100F19152 /* RxRelay.framework */,
				CAFE98FD23F795A400F19152 /* RxCocoa.framework */,
				CAFE98FE23F795A400F19152 /* RxSwift.framework */,
			);
			name = Frameworks;
			sourceTree = "<group>";
		};
		CAFE995023F909AC00F19152 /* History */ = {
			isa = PBXGroup;
			children = (
				CAFE994123F8CE8900F19152 /* HistoryViewController.swift */,
				606C3B7F23FE5DF700AFC451 /* HistoryViewModel.swift */,
				CAFE994223F8CE8900F19152 /* HistoryViewController.xib */,
				60ECB7A224004DC800D605D6 /* RefineViewController.swift */,
				60ECB7A62400591700D605D6 /* RefineViewModel.swift */,
				60ECB7A324004DC800D605D6 /* RefineViewController.xib */,
			);
			path = History;
			sourceTree = "<group>";
		};
		CAFE995123F909BF00F19152 /* AddHistory */ = {
			isa = PBXGroup;
			children = (
				CAFE994C23F909A400F19152 /* AddHistoryViewController.swift */,
				CAFE995223F90A3200F19152 /* AddHistoryViewModel.swift */,
				CAFE994D23F909A400F19152 /* AddHistoryViewController.xib */,
			);
			path = AddHistory;
			sourceTree = "<group>";
		};
/* End PBXGroup section */

/* Begin PBXNativeTarget section */
		CAFE98C823F78DC400F19152 /* Reiwashi */ = {
			isa = PBXNativeTarget;
			buildConfigurationList = CAFE98F323F78DC700F19152 /* Build configuration list for PBXNativeTarget "Reiwashi" */;
			buildPhases = (
				CAFE98C523F78DC400F19152 /* Sources */,
				CAFE98C623F78DC400F19152 /* Frameworks */,
				CAFE98C723F78DC400F19152 /* Resources */,
				CAFE990323F795A400F19152 /* Embed Frameworks */,
				CAFE990423F795C700F19152 /* ShellScript */,
			);
			buildRules = (
			);
			dependencies = (
			);
			name = Reiwashi;
			productName = Reiwashi;
			productReference = CAFE98C923F78DC400F19152 /* Reiwashi.app */;
			productType = "com.apple.product-type.application";
		};
		CAFE98DE23F78DC700F19152 /* ReiwashiTests */ = {
			isa = PBXNativeTarget;
			buildConfigurationList = CAFE98F623F78DC700F19152 /* Build configuration list for PBXNativeTarget "ReiwashiTests" */;
			buildPhases = (
				CAFE98DB23F78DC700F19152 /* Sources */,
				CAFE98DC23F78DC700F19152 /* Frameworks */,
				CAFE98DD23F78DC700F19152 /* Resources */,
				CAD4E95623FBFFBE0069B475 /* ShellScript */,
			);
			buildRules = (
			);
			dependencies = (
				CAFE98E123F78DC700F19152 /* PBXTargetDependency */,
			);
			name = ReiwashiTests;
			productName = ReiwashiTests;
			productReference = CAFE98DF23F78DC700F19152 /* ReiwashiTests.xctest */;
			productType = "com.apple.product-type.bundle.unit-test";
		};
		CAFE98E923F78DC700F19152 /* ReiwashiUITests */ = {
			isa = PBXNativeTarget;
			buildConfigurationList = CAFE98F923F78DC700F19152 /* Build configuration list for PBXNativeTarget "ReiwashiUITests" */;
			buildPhases = (
				CAFE98E623F78DC700F19152 /* Sources */,
				CAFE98E723F78DC700F19152 /* Frameworks */,
				CAFE98E823F78DC700F19152 /* Resources */,
			);
			buildRules = (
			);
			dependencies = (
				CAFE98EC23F78DC700F19152 /* PBXTargetDependency */,
			);
			name = ReiwashiUITests;
			productName = ReiwashiUITests;
			productReference = CAFE98EA23F78DC700F19152 /* ReiwashiUITests.xctest */;
			productType = "com.apple.product-type.bundle.ui-testing";
		};
/* End PBXNativeTarget section */

/* Begin PBXProject section */
		CAFE98C123F78DC400F19152 /* Project object */ = {
			isa = PBXProject;
			attributes = {
				LastSwiftUpdateCheck = 1130;
				LastUpgradeCheck = 1130;
				ORGANIZATIONNAME = 2222_d;
				TargetAttributes = {
					CAFE98C823F78DC400F19152 = {
						CreatedOnToolsVersion = 11.3.1;
					};
					CAFE98DE23F78DC700F19152 = {
						CreatedOnToolsVersion = 11.3.1;
						TestTargetID = CAFE98C823F78DC400F19152;
					};
					CAFE98E923F78DC700F19152 = {
						CreatedOnToolsVersion = 11.3.1;
						TestTargetID = CAFE98C823F78DC400F19152;
					};
				};
			};
			buildConfigurationList = CAFE98C423F78DC400F19152 /* Build configuration list for PBXProject "Reiwashi" */;
			compatibilityVersion = "Xcode 9.3";
			developmentRegion = en;
			hasScannedForEncodings = 0;
			knownRegions = (
				en,
				Base,
			);
			mainGroup = CAFE98C023F78DC300F19152;
			productRefGroup = CAFE98CA23F78DC400F19152 /* Products */;
			projectDirPath = "";
			projectRoot = "";
			targets = (
				CAFE98C823F78DC400F19152 /* Reiwashi */,
				CAFE98DE23F78DC700F19152 /* ReiwashiTests */,
				CAFE98E923F78DC700F19152 /* ReiwashiUITests */,
			);
		};
/* End PBXProject section */

/* Begin PBXResourcesBuildPhase section */
		CAFE98C723F78DC400F19152 /* Resources */ = {
			isa = PBXResourcesBuildPhase;
			buildActionMask = 2147483647;
			files = (
				CADAB2F723FD3A2200B3BC3A /* WelcomeViewController.xib in Resources */,
				CAFE98D923F78DC700F19152 /* LaunchScreen.storyboard in Resources */,
				CADAB30E23FD41D100B3BC3A /* LoginViewController.xib in Resources */,
				CA4FB4232400251200159632 /* MyPageViewController.xib in Resources */,
				606C3B8723FEBF6800AFC451 /* NormalTableViewCell.xib in Resources */,
				60ECB7A524004DC800D605D6 /* RefineViewController.xib in Resources */,
				CAFE98D623F78DC700F19152 /* Assets.xcassets in Resources */,
				CADAB31423FD421B00B3BC3A /* SignInViewController.xib in Resources */,
				CAFE994423F8CE8900F19152 /* HistoryViewController.xib in Resources */,
				CAFE994F23F909A400F19152 /* AddHistoryViewController.xib in Resources */,
			);
			runOnlyForDeploymentPostprocessing = 0;
		};
		CAFE98DD23F78DC700F19152 /* Resources */ = {
			isa = PBXResourcesBuildPhase;
			buildActionMask = 2147483647;
			files = (
			);
			runOnlyForDeploymentPostprocessing = 0;
		};
		CAFE98E823F78DC700F19152 /* Resources */ = {
			isa = PBXResourcesBuildPhase;
			buildActionMask = 2147483647;
			files = (
			);
			runOnlyForDeploymentPostprocessing = 0;
		};
/* End PBXResourcesBuildPhase section */

/* Begin PBXShellScriptBuildPhase section */
		CAD4E95623FBFFBE0069B475 /* ShellScript */ = {
			isa = PBXShellScriptBuildPhase;
			buildActionMask = 12;
			files = (
			);
			inputFileListPaths = (
			);
			inputPaths = (
				"$(SRCROOT)/Carthage/Build/iOS/RxTest.framework",
				"$(SRCROOT)/Carthage/Build/iOS/RxBlocking.framework",
				"$(SRCROOT)/Carthage/Build/iOS/RxSwift.framework",
				"$(SRCROOT)/Carthage/Build/iOS/RxCocoa.framework",
			);
			outputFileListPaths = (
			);
			outputPaths = (
			);
			runOnlyForDeploymentPostprocessing = 0;
			shellPath = /bin/sh;
			shellScript = "# Type a script or drag a script file from your workspace to insert its path.\n/usr/local/bin/carthage copy-frameworks\n";
		};
		CAFE990423F795C700F19152 /* ShellScript */ = {
			isa = PBXShellScriptBuildPhase;
			buildActionMask = 2147483647;
			files = (
			);
			inputFileListPaths = (
			);
			inputPaths = (
				"$(SRCROOT)/Carthage/Build/iOS/RxSwift.framework",
				"$(SRCROOT)/Carthage/Build/iOS/RxCocoa.framework",
				"$(SRCROOT)/Carthage/Build/iOS/RxRelay.framework",
				"$(SRCROOT)/Carthage/Build/iOS/Action.framework",
				"$(SRCROOT)/Carthage/Build/iOS/SVProgressHUD.framework",
				"$(SRCROOT)/Carthage/Build/iOS/RxAlamofire.framework",
				"$(SRCROOT)/Carthage/Build/iOS/Alamofire.framework",
				"$(SRCROOT)/Carthage/Build/iOS/KeychainAccess.framework",
			);
			outputFileListPaths = (
			);
			outputPaths = (
			);
			runOnlyForDeploymentPostprocessing = 0;
			shellPath = /bin/sh;
			shellScript = "# Type a script or drag a script file from your workspace to insert its path.\n/usr/local/bin/carthage copy-frameworks\n";
		};
/* End PBXShellScriptBuildPhase section */

/* Begin PBXSourcesBuildPhase section */
		CAFE98C523F78DC400F19152 /* Sources */ = {
			isa = PBXSourcesBuildPhase;
			buildActionMask = 2147483647;
			files = (
				CADAB31323FD421B00B3BC3A /* SignInViewController.swift in Sources */,
				CADAB30D23FD41D100B3BC3A /* LoginViewController.swift in Sources */,
				CADAB2D723FC2B8600B3BC3A /* User.swift in Sources */,
				606C3B8623FEBF6800AFC451 /* NormalTableViewCell.swift in Sources */,
				CADAB2ED23FD32C700B3BC3A /* GetFabListDatagatewayAction.swift in Sources */,
				CADAB2DB23FC40E900B3BC3A /* APIClient.swift in Sources */,
				CADAB2E123FD117B00B3BC3A /* GetUserInfoDatagatewayAction.swift in Sources */,
				CADAB2D423FC2A8300B3BC3A /* SignUpDatagatewayAction.swift in Sources */,
				CADAB31A23FE72A000B3BC3A /* ModalTabBarController.swift in Sources */,
				606C3B7E23FE4EC800AFC451 /* ModalTabBarController.swift in Sources */,
				CADAB2EB23FD306100B3BC3A /* DeleteFabDatagatewayAction.swift in Sources */,
				CA06A3D923F9137D00999BAD /* DataGateway.swift in Sources */,
				CADAB2DF23FD0A8700B3BC3A /* ReiwashiError.swift in Sources */,
				CADAB2E523FD1A0400B3BC3A /* DeleteUserDatagatewayAction.swift in Sources */,
				CA471A6523F97FAD000D438D /* SVProgressHUD+Extensions.swift in Sources */,
				CADAB2E723FD1B0B00B3BC3A /* LogoutDatagatewayAction.swift in Sources */,
				CADAB2EF23FD363000B3BC3A /* GetFabDatagatewayAction.swift in Sources */,
				CADAB31C23FE73A800B3BC3A /* SignInViewModel.swift in Sources */,
				CADAB2F123FD36F400B3BC3A /* Fab.swift in Sources */,
				CADAB2DD23FD088100B3BC3A /* Auth.swift in Sources */,
				CA4FB4252400259F00159632 /* MyPageViewController.swift in Sources */,
				60ECB7A424004DC800D605D6 /* RefineViewController.swift in Sources */,
				CA71FBD423F978D900E9DE66 /* UIAlertController+Extensions.swift in Sources */,
				606C3B8923FEC06100AFC451 /* Word.swift in Sources */,
				CAFE98CD23F78DC400F19152 /* AppDelegate.swift in Sources */,
				60ECB7A72400591700D605D6 /* RefineViewModel.swift in Sources */,
				CA06A3DB23F9140500999BAD /* DataGatewayAction.swift in Sources */,
				CAFE995323F90A3200F19152 /* AddHistoryViewModel.swift in Sources */,
				606C3B8023FE5DF700AFC451 /* HistoryViewModel.swift in Sources */,
				CAD4E95823FC01F80069B475 /* LoginDataGatewayAction.swift in Sources */,
				CADAB31623FD42A500B3BC3A /* LoginViewModel.swift in Sources */,
				CADAB2F623FD3A2200B3BC3A /* WelcomeViewController.swift in Sources */,
				60ECB7A123FFB2CC00D605D6 /* History.swift in Sources */,
				CA06A3DE23F9153200999BAD /* AddWordDataGatewayAction.swift in Sources */,
				CADAB2E923FD1C9B00B3BC3A /* AddFabDatagatewayAction.swift in Sources */,
				CAFE98CF23F78DC400F19152 /* SceneDelegate.swift in Sources */,
				606C3B8223FE626800AFC451 /* GetHistoryDataGatewayAction.swift in Sources */,
				CAFE994323F8CE8900F19152 /* HistoryViewController.swift in Sources */,
				60ECB7AA2400C06600D605D6 /* HistoryViewControllerState.swift in Sources */,
				CAFE994E23F909A400F19152 /* AddHistoryViewController.swift in Sources */,
				CADAB2E323FD15FB00B3BC3A /* ChangeUserInfoDataGatewayAction.swift in Sources */,
				CA4FB427240025E100159632 /* MyPageViewModel.swift in Sources */,
			);
			runOnlyForDeploymentPostprocessing = 0;
		};
		CAFE98DB23F78DC700F19152 /* Sources */ = {
			isa = PBXSourcesBuildPhase;
			buildActionMask = 2147483647;
			files = (
				CAD4E94923FBFD890069B475 /* DataGatewayActionTests.swift in Sources */,
				CAFE98E423F78DC700F19152 /* ReiwashiTests.swift in Sources */,
			);
			runOnlyForDeploymentPostprocessing = 0;
		};
		CAFE98E623F78DC700F19152 /* Sources */ = {
			isa = PBXSourcesBuildPhase;
			buildActionMask = 2147483647;
			files = (
				CAFE98EF23F78DC700F19152 /* ReiwashiUITests.swift in Sources */,
			);
			runOnlyForDeploymentPostprocessing = 0;
		};
/* End PBXSourcesBuildPhase section */

/* Begin PBXTargetDependency section */
		CAFE98E123F78DC700F19152 /* PBXTargetDependency */ = {
			isa = PBXTargetDependency;
			target = CAFE98C823F78DC400F19152 /* Reiwashi */;
			targetProxy = CAFE98E023F78DC700F19152 /* PBXContainerItemProxy */;
		};
		CAFE98EC23F78DC700F19152 /* PBXTargetDependency */ = {
			isa = PBXTargetDependency;
			target = CAFE98C823F78DC400F19152 /* Reiwashi */;
			targetProxy = CAFE98EB23F78DC700F19152 /* PBXContainerItemProxy */;
		};
/* End PBXTargetDependency section */

/* Begin PBXVariantGroup section */
		CAFE98D723F78DC700F19152 /* LaunchScreen.storyboard */ = {
			isa = PBXVariantGroup;
			children = (
				CAFE98D823F78DC700F19152 /* Base */,
			);
			name = LaunchScreen.storyboard;
			sourceTree = "<group>";
		};
/* End PBXVariantGroup section */

/* Begin XCBuildConfiguration section */
		CAFE98F123F78DC700F19152 /* Debug */ = {
			isa = XCBuildConfiguration;
			buildSettings = {
				ALWAYS_SEARCH_USER_PATHS = NO;
				CLANG_ANALYZER_NONNULL = YES;
				CLANG_ANALYZER_NUMBER_OBJECT_CONVERSION = YES_AGGRESSIVE;
				CLANG_CXX_LANGUAGE_STANDARD = "gnu++14";
				CLANG_CXX_LIBRARY = "libc++";
				CLANG_ENABLE_MODULES = YES;
				CLANG_ENABLE_OBJC_ARC = YES;
				CLANG_ENABLE_OBJC_WEAK = YES;
				CLANG_WARN_BLOCK_CAPTURE_AUTORELEASING = YES;
				CLANG_WARN_BOOL_CONVERSION = YES;
				CLANG_WARN_COMMA = YES;
				CLANG_WARN_CONSTANT_CONVERSION = YES;
				CLANG_WARN_DEPRECATED_OBJC_IMPLEMENTATIONS = YES;
				CLANG_WARN_DIRECT_OBJC_ISA_USAGE = YES_ERROR;
				CLANG_WARN_DOCUMENTATION_COMMENTS = YES;
				CLANG_WARN_EMPTY_BODY = YES;
				CLANG_WARN_ENUM_CONVERSION = YES;
				CLANG_WARN_INFINITE_RECURSION = YES;
				CLANG_WARN_INT_CONVERSION = YES;
				CLANG_WARN_NON_LITERAL_NULL_CONVERSION = YES;
				CLANG_WARN_OBJC_IMPLICIT_RETAIN_SELF = YES;
				CLANG_WARN_OBJC_LITERAL_CONVERSION = YES;
				CLANG_WARN_OBJC_ROOT_CLASS = YES_ERROR;
				CLANG_WARN_RANGE_LOOP_ANALYSIS = YES;
				CLANG_WARN_STRICT_PROTOTYPES = YES;
				CLANG_WARN_SUSPICIOUS_MOVE = YES;
				CLANG_WARN_UNGUARDED_AVAILABILITY = YES_AGGRESSIVE;
				CLANG_WARN_UNREACHABLE_CODE = YES;
				CLANG_WARN__DUPLICATE_METHOD_MATCH = YES;
				COPY_PHASE_STRIP = NO;
				DEBUG_INFORMATION_FORMAT = dwarf;
				ENABLE_STRICT_OBJC_MSGSEND = YES;
				ENABLE_TESTABILITY = YES;
				GCC_C_LANGUAGE_STANDARD = gnu11;
				GCC_DYNAMIC_NO_PIC = NO;
				GCC_NO_COMMON_BLOCKS = YES;
				GCC_OPTIMIZATION_LEVEL = 0;
				GCC_PREPROCESSOR_DEFINITIONS = (
					"DEBUG=1",
					"$(inherited)",
				);
				GCC_WARN_64_TO_32_BIT_CONVERSION = YES;
				GCC_WARN_ABOUT_RETURN_TYPE = YES_ERROR;
				GCC_WARN_UNDECLARED_SELECTOR = YES;
				GCC_WARN_UNINITIALIZED_AUTOS = YES_AGGRESSIVE;
				GCC_WARN_UNUSED_FUNCTION = YES;
				GCC_WARN_UNUSED_VARIABLE = YES;
				IPHONEOS_DEPLOYMENT_TARGET = 13.2;
				MTL_ENABLE_DEBUG_INFO = INCLUDE_SOURCE;
				MTL_FAST_MATH = YES;
				ONLY_ACTIVE_ARCH = YES;
				SDKROOT = iphoneos;
				SWIFT_ACTIVE_COMPILATION_CONDITIONS = DEBUG;
				SWIFT_OPTIMIZATION_LEVEL = "-Onone";
			};
			name = Debug;
		};
		CAFE98F223F78DC700F19152 /* Release */ = {
			isa = XCBuildConfiguration;
			buildSettings = {
				ALWAYS_SEARCH_USER_PATHS = NO;
				CLANG_ANALYZER_NONNULL = YES;
				CLANG_ANALYZER_NUMBER_OBJECT_CONVERSION = YES_AGGRESSIVE;
				CLANG_CXX_LANGUAGE_STANDARD = "gnu++14";
				CLANG_CXX_LIBRARY = "libc++";
				CLANG_ENABLE_MODULES = YES;
				CLANG_ENABLE_OBJC_ARC = YES;
				CLANG_ENABLE_OBJC_WEAK = YES;
				CLANG_WARN_BLOCK_CAPTURE_AUTORELEASING = YES;
				CLANG_WARN_BOOL_CONVERSION = YES;
				CLANG_WARN_COMMA = YES;
				CLANG_WARN_CONSTANT_CONVERSION = YES;
				CLANG_WARN_DEPRECATED_OBJC_IMPLEMENTATIONS = YES;
				CLANG_WARN_DIRECT_OBJC_ISA_USAGE = YES_ERROR;
				CLANG_WARN_DOCUMENTATION_COMMENTS = YES;
				CLANG_WARN_EMPTY_BODY = YES;
				CLANG_WARN_ENUM_CONVERSION = YES;
				CLANG_WARN_INFINITE_RECURSION = YES;
				CLANG_WARN_INT_CONVERSION = YES;
				CLANG_WARN_NON_LITERAL_NULL_CONVERSION = YES;
				CLANG_WARN_OBJC_IMPLICIT_RETAIN_SELF = YES;
				CLANG_WARN_OBJC_LITERAL_CONVERSION = YES;
				CLANG_WARN_OBJC_ROOT_CLASS = YES_ERROR;
				CLANG_WARN_RANGE_LOOP_ANALYSIS = YES;
				CLANG_WARN_STRICT_PROTOTYPES = YES;
				CLANG_WARN_SUSPICIOUS_MOVE = YES;
				CLANG_WARN_UNGUARDED_AVAILABILITY = YES_AGGRESSIVE;
				CLANG_WARN_UNREACHABLE_CODE = YES;
				CLANG_WARN__DUPLICATE_METHOD_MATCH = YES;
				COPY_PHASE_STRIP = NO;
				DEBUG_INFORMATION_FORMAT = "dwarf-with-dsym";
				ENABLE_NS_ASSERTIONS = NO;
				ENABLE_STRICT_OBJC_MSGSEND = YES;
				GCC_C_LANGUAGE_STANDARD = gnu11;
				GCC_NO_COMMON_BLOCKS = YES;
				GCC_WARN_64_TO_32_BIT_CONVERSION = YES;
				GCC_WARN_ABOUT_RETURN_TYPE = YES_ERROR;
				GCC_WARN_UNDECLARED_SELECTOR = YES;
				GCC_WARN_UNINITIALIZED_AUTOS = YES_AGGRESSIVE;
				GCC_WARN_UNUSED_FUNCTION = YES;
				GCC_WARN_UNUSED_VARIABLE = YES;
				IPHONEOS_DEPLOYMENT_TARGET = 13.2;
				MTL_ENABLE_DEBUG_INFO = NO;
				MTL_FAST_MATH = YES;
				SDKROOT = iphoneos;
				SWIFT_COMPILATION_MODE = wholemodule;
				SWIFT_OPTIMIZATION_LEVEL = "-O";
				VALIDATE_PRODUCT = YES;
			};
			name = Release;
		};
		CAFE98F423F78DC700F19152 /* Debug */ = {
			isa = XCBuildConfiguration;
			buildSettings = {
				ASSETCATALOG_COMPILER_APPICON_NAME = AppIcon;
				CODE_SIGN_STYLE = Automatic;
				DEVELOPMENT_TEAM = 7G4R772ZVB;
				FRAMEWORK_SEARCH_PATHS = (
					"$(inherited)",
					"$(PROJECT_DIR)/Carthage/Build/iOS",
				);
				INFOPLIST_FILE = Reiwashi/Info.plist;
				LD_RUNPATH_SEARCH_PATHS = (
					"$(inherited)",
					"@executable_path/Frameworks",
				);
				PRODUCT_BUNDLE_IDENTIFIER = "jp.2222-d.Reiwashi";
				PRODUCT_NAME = "$(TARGET_NAME)";
				SWIFT_VERSION = 5.0;
				TARGETED_DEVICE_FAMILY = "1,2";
			};
			name = Debug;
		};
		CAFE98F523F78DC700F19152 /* Release */ = {
			isa = XCBuildConfiguration;
			buildSettings = {
				ASSETCATALOG_COMPILER_APPICON_NAME = AppIcon;
				CODE_SIGN_STYLE = Automatic;
				DEVELOPMENT_TEAM = 7G4R772ZVB;
				FRAMEWORK_SEARCH_PATHS = (
					"$(inherited)",
					"$(PROJECT_DIR)/Carthage/Build/iOS",
				);
				INFOPLIST_FILE = Reiwashi/Info.plist;
				LD_RUNPATH_SEARCH_PATHS = (
					"$(inherited)",
					"@executable_path/Frameworks",
				);
				PRODUCT_BUNDLE_IDENTIFIER = "jp.2222-d.Reiwashi";
				PRODUCT_NAME = "$(TARGET_NAME)";
				SWIFT_VERSION = 5.0;
				TARGETED_DEVICE_FAMILY = "1,2";
			};
			name = Release;
		};
		CAFE98F723F78DC700F19152 /* Debug */ = {
			isa = XCBuildConfiguration;
			buildSettings = {
				ALWAYS_EMBED_SWIFT_STANDARD_LIBRARIES = YES;
				BUNDLE_LOADER = "$(TEST_HOST)";
				CODE_SIGN_STYLE = Automatic;
				DEVELOPMENT_TEAM = BV8VP6YGE9;
				FRAMEWORK_SEARCH_PATHS = (
					"$(inherited)",
					"$(PROJECT_DIR)/Carthage/Build/iOS",
				);
				INFOPLIST_FILE = ReiwashiTests/Info.plist;
				IPHONEOS_DEPLOYMENT_TARGET = 13.2;
				LD_RUNPATH_SEARCH_PATHS = (
					"$(inherited)",
					"@executable_path/Frameworks",
					"@loader_path/Frameworks",
				);
				PRODUCT_BUNDLE_IDENTIFIER = "jp.2222-d.ReiwashiTests";
				PRODUCT_NAME = "$(TARGET_NAME)";
				SWIFT_VERSION = 5.0;
				TARGETED_DEVICE_FAMILY = "1,2";
				TEST_HOST = "$(BUILT_PRODUCTS_DIR)/Reiwashi.app/Reiwashi";
			};
			name = Debug;
		};
		CAFE98F823F78DC700F19152 /* Release */ = {
			isa = XCBuildConfiguration;
			buildSettings = {
				ALWAYS_EMBED_SWIFT_STANDARD_LIBRARIES = YES;
				BUNDLE_LOADER = "$(TEST_HOST)";
				CODE_SIGN_STYLE = Automatic;
				DEVELOPMENT_TEAM = BV8VP6YGE9;
				FRAMEWORK_SEARCH_PATHS = (
					"$(inherited)",
					"$(PROJECT_DIR)/Carthage/Build/iOS",
				);
				INFOPLIST_FILE = ReiwashiTests/Info.plist;
				IPHONEOS_DEPLOYMENT_TARGET = 13.2;
				LD_RUNPATH_SEARCH_PATHS = (
					"$(inherited)",
					"@executable_path/Frameworks",
					"@loader_path/Frameworks",
				);
				PRODUCT_BUNDLE_IDENTIFIER = "jp.2222-d.ReiwashiTests";
				PRODUCT_NAME = "$(TARGET_NAME)";
				SWIFT_VERSION = 5.0;
				TARGETED_DEVICE_FAMILY = "1,2";
				TEST_HOST = "$(BUILT_PRODUCTS_DIR)/Reiwashi.app/Reiwashi";
			};
			name = Release;
		};
		CAFE98FA23F78DC700F19152 /* Debug */ = {
			isa = XCBuildConfiguration;
			buildSettings = {
				ALWAYS_EMBED_SWIFT_STANDARD_LIBRARIES = YES;
				CODE_SIGN_STYLE = Automatic;
				DEVELOPMENT_TEAM = BV8VP6YGE9;
				INFOPLIST_FILE = ReiwashiUITests/Info.plist;
				LD_RUNPATH_SEARCH_PATHS = (
					"$(inherited)",
					"@executable_path/Frameworks",
					"@loader_path/Frameworks",
				);
				PRODUCT_BUNDLE_IDENTIFIER = "jp.2222-d.ReiwashiUITests";
				PRODUCT_NAME = "$(TARGET_NAME)";
				SWIFT_VERSION = 5.0;
				TARGETED_DEVICE_FAMILY = "1,2";
				TEST_TARGET_NAME = Reiwashi;
			};
			name = Debug;
		};
		CAFE98FB23F78DC700F19152 /* Release */ = {
			isa = XCBuildConfiguration;
			buildSettings = {
				ALWAYS_EMBED_SWIFT_STANDARD_LIBRARIES = YES;
				CODE_SIGN_STYLE = Automatic;
				DEVELOPMENT_TEAM = BV8VP6YGE9;
				INFOPLIST_FILE = ReiwashiUITests/Info.plist;
				LD_RUNPATH_SEARCH_PATHS = (
					"$(inherited)",
					"@executable_path/Frameworks",
					"@loader_path/Frameworks",
				);
				PRODUCT_BUNDLE_IDENTIFIER = "jp.2222-d.ReiwashiUITests";
				PRODUCT_NAME = "$(TARGET_NAME)";
				SWIFT_VERSION = 5.0;
				TARGETED_DEVICE_FAMILY = "1,2";
				TEST_TARGET_NAME = Reiwashi;
			};
			name = Release;
		};
/* End XCBuildConfiguration section */

/* Begin XCConfigurationList section */
		CAFE98C423F78DC400F19152 /* Build configuration list for PBXProject "Reiwashi" */ = {
			isa = XCConfigurationList;
			buildConfigurations = (
				CAFE98F123F78DC700F19152 /* Debug */,
				CAFE98F223F78DC700F19152 /* Release */,
			);
			defaultConfigurationIsVisible = 0;
			defaultConfigurationName = Release;
		};
		CAFE98F323F78DC700F19152 /* Build configuration list for PBXNativeTarget "Reiwashi" */ = {
			isa = XCConfigurationList;
			buildConfigurations = (
				CAFE98F423F78DC700F19152 /* Debug */,
				CAFE98F523F78DC700F19152 /* Release */,
			);
			defaultConfigurationIsVisible = 0;
			defaultConfigurationName = Release;
		};
		CAFE98F623F78DC700F19152 /* Build configuration list for PBXNativeTarget "ReiwashiTests" */ = {
			isa = XCConfigurationList;
			buildConfigurations = (
				CAFE98F723F78DC700F19152 /* Debug */,
				CAFE98F823F78DC700F19152 /* Release */,
			);
			defaultConfigurationIsVisible = 0;
			defaultConfigurationName = Release;
		};
		CAFE98F923F78DC700F19152 /* Build configuration list for PBXNativeTarget "ReiwashiUITests" */ = {
			isa = XCConfigurationList;
			buildConfigurations = (
				CAFE98FA23F78DC700F19152 /* Debug */,
				CAFE98FB23F78DC700F19152 /* Release */,
			);
			defaultConfigurationIsVisible = 0;
			defaultConfigurationName = Release;
		};
/* End XCConfigurationList section */
	};
	rootObject = CAFE98C123F78DC400F19152 /* Project object */;
}
